
Microsoft Visual Studio Solution File, Format Version 12.00
# Visual Studio Version 17
VisualStudioVersion = 17.9.34607.119
MinimumVisualStudioVersion = 10.0.40219.1
Project("{FAE04EC0-301F-11D3-BF4B-00C04F79EFBC}") = "BTL", "BTL.csproj", "{97471692-C80C-47AA-A5A4-5E70BFC4DC69}"
EndProject
Global
	GlobalSection(SolutionConfigurationPlatforms) = preSolution
		Debug|Any CPU = Debug|Any CPU
		Release|Any CPU = Release|Any CPU
	EndGlobalSection
	GlobalSection(ProjectConfigurationPlatforms) = postSolution
		{97471692-C80C-47AA-A5A4-5E70BFC4DC69}.Debug|Any CPU.ActiveCfg = Debug|Any CPU
		{97471692-C80C-47AA-A5A4-5E70BFC4DC69}.Debug|Any CPU.Build.0 = Debug|Any CPU
		{97471692-C80C-47AA-A5A4-5E70BFC4DC69}.Release|Any CPU.ActiveCfg = Release|Any CPU
		{97471692-C80C-47AA-A5A4-5E70BFC4DC69}.Release|Any CPU.Build.0 = Release|Any CPU
	EndGlobalSection
	GlobalSection(SolutionProperties) = preSolution
		HideSolutionNode = FALSE
	EndGlobalSection
	GlobalSection(ExtensibilityGlobals) = postSolution
		SolutionGuid = {8D22FD00-44C2-4C1F-99C8-C58161462C51}
	EndGlobalSection
EndGlobal
